
Microsoft Visual Studio Solution File, Format Version 12.00
# Visual Studio Version 16
VisualStudioVersion = 16.0.29613.14
MinimumVisualStudioVersion = 10.0.40219.1
Project("{FAE04EC0-301F-11D3-BF4B-00C04F79EFBC}") = "HandsOnAPIDemo2", "HandsOnAPIDemo2.csproj", "{8570ADF9-E2F1-4746-B7B1-3C62068001A0}"
EndProject
Global
	GlobalSection(SolutionConfigurationPlatforms) = preSolution
		Debug|Any CPU = Debug|Any CPU
		Release|Any CPU = Release|Any CPU
	EndGlobalSection
	GlobalSection(ProjectConfigurationPlatforms) = postSolution
		{8570ADF9-E2F1-4746-B7B1-3C62068001A0}.Debug|Any CPU.ActiveCfg = Debug|Any CPU
		{8570ADF9-E2F1-4746-B7B1-3C62068001A0}.Debug|Any CPU.Build.0 = Debug|Any CPU
		{8570ADF9-E2F1-4746-B7B1-3C62068001A0}.Release|Any CPU.ActiveCfg = Release|Any CPU
		{8570ADF9-E2F1-4746-B7B1-3C62068001A0}.Release|Any CPU.Build.0 = Release|Any CPU
	EndGlobalSection
	GlobalSection(SolutionProperties) = preSolution
		HideSolutionNode = FALSE
	EndGlobalSection
	GlobalSection(ExtensibilityGlobals) = postSolution
		SolutionGuid = {6275BBFE-04A6-4820-98EA-AD16DF018DAF}
	EndGlobalSection
EndGlobal
